
Microsoft Visual Studio Solution File, Format Version 12.00
# Visual Studio Version 17
VisualStudioVersion = 17.9.34607.119
MinimumVisualStudioVersion = 10.0.40219.1
Project("{8BC9CEB8-8B4A-11D0-8D11-00A0C91BC942}") = "ConsoleApplication1", "ConsoleApplication1.vcxproj", "{C5B71097-6113-4C22-AEF1-08169B57ECB7}"
EndProject
Project("{8BC9CEB8-8B4A-11D0-8D11-00A0C91BC942}") = "LAB0301", "..\LAB0301\LAB0301.vcxproj", "{EB25665E-8B61-46A4-8594-950AC6BA4A5C}"
EndProject
Global
	GlobalSection(SolutionConfigurationPlatforms) = preSolution
		Debug|x64 = Debug|x64
		Debug|x86 = Debug|x86
		Release|x64 = Release|x64
		Release|x86 = Release|x86
	EndGlobalSection
	GlobalSection(ProjectConfigurationPlatforms) = postSolution
		{C5B71097-6113-4C22-AEF1-08169B57ECB7}.Debug|x64.ActiveCfg = Debug|x64
		{C5B71097-6113-4C22-AEF1-08169B57ECB7}.Debug|x64.Build.0 = Debug|x64
		{C5B71097-6113-4C22-AEF1-08169B57ECB7}.Debug|x86.ActiveCfg = Debug|Win32
		{C5B71097-6113-4C22-AEF1-08169B57ECB7}.Debug|x86.Build.0 = Debug|Win32
		{C5B71097-6113-4C22-AEF1-08169B57ECB7}.Release|x64.ActiveCfg = Release|x64
		{C5B71097-6113-4C22-AEF1-08169B57ECB7}.Release|x64.Build.0 = Release|x64
		{C5B71097-6113-4C22-AEF1-08169B57ECB7}.Release|x86.ActiveCfg = Release|Win32
		{C5B71097-6113-4C22-AEF1-08169B57ECB7}.Release|x86.Build.0 = Release|Win32
		{EB25665E-8B61-46A4-8594-950AC6BA4A5C}.Debug|x64.ActiveCfg = Debug|x64
		{EB25665E-8B61-46A4-8594-950AC6BA4A5C}.Debug|x64.Build.0 = Debug|x64
		{EB25665E-8B61-46A4-8594-950AC6BA4A5C}.Debug|x86.ActiveCfg = Debug|Win32
		{EB25665E-8B61-46A4-8594-950AC6BA4A5C}.Debug|x86.Build.0 = Debug|Win32
		{EB25665E-8B61-46A4-8594-950AC6BA4A5C}.Release|x64.ActiveCfg = Release|x64
		{EB25665E-8B61-46A4-8594-950AC6BA4A5C}.Release|x64.Build.0 = Release|x64
		{EB25665E-8B61-46A4-8594-950AC6BA4A5C}.Release|x86.ActiveCfg = Release|Win32
		{EB25665E-8B61-46A4-8594-950AC6BA4A5C}.Release|x86.Build.0 = Release|Win32
	EndGlobalSection
	GlobalSection(SolutionProperties) = preSolution
		HideSolutionNode = FALSE
	EndGlobalSection
	GlobalSection(ExtensibilityGlobals) = postSolution
		SolutionGuid = {BCB2FE7A-DCA2-408F-A6DA-97A099DD734B}
	EndGlobalSection
EndGlobal
