
Microsoft Visual Studio Solution File, Format Version 12.00
# Visual Studio Version 17
VisualStudioVersion = 17.14.36518.9 d17.14
MinimumVisualStudioVersion = 10.0.40219.1
Project("{8BC9CEB8-8B4A-11D0-8D11-00A0C91BC942}") = "LAB0801", "LAB0801.vcxproj", "{FE6AAF84-C0F8-44D6-B13D-C57433BBCADF}"
EndProject
Project("{8BC9CEB8-8B4A-11D0-8D11-00A0C91BC942}") = "LAB0802", "..\LAB0802\LAB0802.vcxproj", "{4799ADE1-7066-47DC-BC71-7691714A5CF8}"
EndProject
Project("{8BC9CEB8-8B4A-11D0-8D11-00A0C91BC942}") = "LAB0803", "..\LAB0803\LAB0803.vcxproj", "{5CE49F7F-8E23-4FC7-BB0B-821CA58E2C0A}"
EndProject
Project("{8BC9CEB8-8B4A-11D0-8D11-00A0C91BC942}") = "LAB0804", "..\LAB0804\LAB0804.vcxproj", "{EA7655CF-20E9-4BEA-917A-73E87382456F}"
EndProject
Project("{8BC9CEB8-8B4A-11D0-8D11-00A0C91BC942}") = "LAB0805", "..\LAB0805\LAB0805.vcxproj", "{E871D02A-4648-4786-8893-F03ECC719C6F}"
EndProject
Project("{8BC9CEB8-8B4A-11D0-8D11-00A0C91BC942}") = "LAB0806", "..\LAB0806\LAB0806.vcxproj", "{88DE168C-3AC5-4871-8211-B93B26CE6DDF}"
EndProject
Global
	GlobalSection(SolutionConfigurationPlatforms) = preSolution
		Debug|x64 = Debug|x64
		Debug|x86 = Debug|x86
		Release|x64 = Release|x64
		Release|x86 = Release|x86
	EndGlobalSection
	GlobalSection(ProjectConfigurationPlatforms) = postSolution
		{FE6AAF84-C0F8-44D6-B13D-C57433BBCADF}.Debug|x64.ActiveCfg = Debug|x64
		{FE6AAF84-C0F8-44D6-B13D-C57433BBCADF}.Debug|x64.Build.0 = Debug|x64
		{FE6AAF84-C0F8-44D6-B13D-C57433BBCADF}.Debug|x86.ActiveCfg = Debug|Win32
		{FE6AAF84-C0F8-44D6-B13D-C57433BBCADF}.Debug|x86.Build.0 = Debug|Win32
		{FE6AAF84-C0F8-44D6-B13D-C57433BBCADF}.Release|x64.ActiveCfg = Release|x64
		{FE6AAF84-C0F8-44D6-B13D-C57433BBCADF}.Release|x64.Build.0 = Release|x64
		{FE6AAF84-C0F8-44D6-B13D-C57433BBCADF}.Release|x86.ActiveCfg = Release|Win32
		{FE6AAF84-C0F8-44D6-B13D-C57433BBCADF}.Release|x86.Build.0 = Release|Win32
		{4799ADE1-7066-47DC-BC71-7691714A5CF8}.Debug|x64.ActiveCfg = Debug|x64
		{4799ADE1-7066-47DC-BC71-7691714A5CF8}.Debug|x64.Build.0 = Debug|x64
		{4799ADE1-7066-47DC-BC71-7691714A5CF8}.Debug|x86.ActiveCfg = Debug|Win32
		{4799ADE1-7066-47DC-BC71-7691714A5CF8}.Debug|x86.Build.0 = Debug|Win32
		{4799ADE1-7066-47DC-BC71-7691714A5CF8}.Release|x64.ActiveCfg = Release|x64
		{4799ADE1-7066-47DC-BC71-7691714A5CF8}.Release|x64.Build.0 = Release|x64
		{4799ADE1-7066-47DC-BC71-7691714A5CF8}.Release|x86.ActiveCfg = Release|Win32
		{4799ADE1-7066-47DC-BC71-7691714A5CF8}.Release|x86.Build.0 = Release|Win32
		{5CE49F7F-8E23-4FC7-BB0B-821CA58E2C0A}.Debug|x64.ActiveCfg = Debug|x64
		{5CE49F7F-8E23-4FC7-BB0B-821CA58E2C0A}.Debug|x64.Build.0 = Debug|x64
		{5CE49F7F-8E23-4FC7-BB0B-821CA58E2C0A}.Debug|x86.ActiveCfg = Debug|Win32
		{5CE49F7F-8E23-4FC7-BB0B-821CA58E2C0A}.Debug|x86.Build.0 = Debug|Win32
		{5CE49F7F-8E23-4FC7-BB0B-821CA58E2C0A}.Release|x64.ActiveCfg = Release|x64
		{5CE49F7F-8E23-4FC7-BB0B-821CA58E2C0A}.Release|x64.Build.0 = Release|x64
		{5CE49F7F-8E23-4FC7-BB0B-821CA58E2C0A}.Release|x86.ActiveCfg = Release|Win32
		{5CE49F7F-8E23-4FC7-BB0B-821CA58E2C0A}.Release|x86.Build.0 = Release|Win32
		{EA7655CF-20E9-4BEA-917A-73E87382456F}.Debug|x64.ActiveCfg = Debug|x64
		{EA7655CF-20E9-4BEA-917A-73E87382456F}.Debug|x64.Build.0 = Debug|x64
		{EA7655CF-20E9-4BEA-917A-73E87382456F}.Debug|x86.ActiveCfg = Debug|Win32
		{EA7655CF-20E9-4BEA-917A-73E87382456F}.Debug|x86.Build.0 = Debug|Win32
		{EA7655CF-20E9-4BEA-917A-73E87382456F}.Release|x64.ActiveCfg = Release|x64
		{EA7655CF-20E9-4BEA-917A-73E87382456F}.Release|x64.Build.0 = Release|x64
		{EA7655CF-20E9-4BEA-917A-73E87382456F}.Release|x86.ActiveCfg = Release|Win32
		{EA7655CF-20E9-4BEA-917A-73E87382456F}.Release|x86.Build.0 = Release|Win32
		{E871D02A-4648-4786-8893-F03ECC719C6F}.Debug|x64.ActiveCfg = Debug|x64
		{E871D02A-4648-4786-8893-F03ECC719C6F}.Debug|x64.Build.0 = Debug|x64
		{E871D02A-4648-4786-8893-F03ECC719C6F}.Debug|x86.ActiveCfg = Debug|Win32
		{E871D02A-4648-4786-8893-F03ECC719C6F}.Debug|x86.Build.0 = Debug|Win32
		{E871D02A-4648-4786-8893-F03ECC719C6F}.Release|x64.ActiveCfg = Release|x64
		{E871D02A-4648-4786-8893-F03ECC719C6F}.Release|x64.Build.0 = Release|x64
		{E871D02A-4648-4786-8893-F03ECC719C6F}.Release|x86.ActiveCfg = Release|Win32
		{E871D02A-4648-4786-8893-F03ECC719C6F}.Release|x86.Build.0 = Release|Win32
		{88DE168C-3AC5-4871-8211-B93B26CE6DDF}.Debug|x64.ActiveCfg = Debug|x64
		{88DE168C-3AC5-4871-8211-B93B26CE6DDF}.Debug|x64.Build.0 = Debug|x64
		{88DE168C-3AC5-4871-8211-B93B26CE6DDF}.Debug|x86.ActiveCfg = Debug|Win32
		{88DE168C-3AC5-4871-8211-B93B26CE6DDF}.Debug|x86.Build.0 = Debug|Win32
		{88DE168C-3AC5-4871-8211-B93B26CE6DDF}.Release|x64.ActiveCfg = Release|x64
		{88DE168C-3AC5-4871-8211-B93B26CE6DDF}.Release|x64.Build.0 = Release|x64
		{88DE168C-3AC5-4871-8211-B93B26CE6DDF}.Release|x86.ActiveCfg = Release|Win32
		{88DE168C-3AC5-4871-8211-B93B26CE6DDF}.Release|x86.Build.0 = Release|Win32
	EndGlobalSection
	GlobalSection(SolutionProperties) = preSolution
		HideSolutionNode = FALSE
	EndGlobalSection
	GlobalSection(ExtensibilityGlobals) = postSolution
		SolutionGuid = {55702E29-26DB-42BB-9A80-BEE155AA2073}
	EndGlobalSection
EndGlobal
